
Microsoft Visual Studio Solution File, Format Version 12.00
# Visual Studio 15
VisualStudioVersion = 15.0.26124.0
MinimumVisualStudioVersion = 15.0.26124.0
Project("{2150E333-8FDC-42A3-9474-1A3956D46DE8}") = "src", "src", "{287D2970-F9A2-4833-9770-3551F68D3F7A}"
EndProject
Project("{F2A71F9B-5D33-465A-A702-920D77279786}") = "EventFlowParser", "src\EventFlowParser\EventFlowParser.fsproj", "{B12A1EBF-6F27-4946-B5F9-F281F4D2EFDE}"
EndProject
Global
	GlobalSection(SolutionConfigurationPlatforms) = preSolution
		Debug|Any CPU = Debug|Any CPU
		Debug|x64 = Debug|x64
		Debug|x86 = Debug|x86
		Release|Any CPU = Release|Any CPU
		Release|x64 = Release|x64
		Release|x86 = Release|x86
	EndGlobalSection
	GlobalSection(SolutionProperties) = preSolution
		HideSolutionNode = FALSE
	EndGlobalSection
	GlobalSection(ProjectConfigurationPlatforms) = postSolution
		{B12A1EBF-6F27-4946-B5F9-F281F4D2EFDE}.Debug|Any CPU.ActiveCfg = Debug|Any CPU
		{B12A1EBF-6F27-4946-B5F9-F281F4D2EFDE}.Debug|Any CPU.Build.0 = Debug|Any CPU
		{B12A1EBF-6F27-4946-B5F9-F281F4D2EFDE}.Debug|x64.ActiveCfg = Debug|Any CPU
		{B12A1EBF-6F27-4946-B5F9-F281F4D2EFDE}.Debug|x64.Build.0 = Debug|Any CPU
		{B12A1EBF-6F27-4946-B5F9-F281F4D2EFDE}.Debug|x86.ActiveCfg = Debug|Any CPU
		{B12A1EBF-6F27-4946-B5F9-F281F4D2EFDE}.Debug|x86.Build.0 = Debug|Any CPU
		{B12A1EBF-6F27-4946-B5F9-F281F4D2EFDE}.Release|Any CPU.ActiveCfg = Release|Any CPU
		{B12A1EBF-6F27-4946-B5F9-F281F4D2EFDE}.Release|Any CPU.Build.0 = Release|Any CPU
		{B12A1EBF-6F27-4946-B5F9-F281F4D2EFDE}.Release|x64.ActiveCfg = Release|Any CPU
		{B12A1EBF-6F27-4946-B5F9-F281F4D2EFDE}.Release|x64.Build.0 = Release|Any CPU
		{B12A1EBF-6F27-4946-B5F9-F281F4D2EFDE}.Release|x86.ActiveCfg = Release|Any CPU
		{B12A1EBF-6F27-4946-B5F9-F281F4D2EFDE}.Release|x86.Build.0 = Release|Any CPU
	EndGlobalSection
	GlobalSection(NestedProjects) = preSolution
		{B12A1EBF-6F27-4946-B5F9-F281F4D2EFDE} = {287D2970-F9A2-4833-9770-3551F68D3F7A}
	EndGlobalSection
EndGlobal
